
Microsoft Visual Studio Solution File, Format Version 12.00
# Visual Studio Version 17
VisualStudioVersion = 17.1.32328.378
MinimumVisualStudioVersion = 10.0.40219.1
Project("{FAE04EC0-301F-11D3-BF4B-00C04F79EFBC}") = "Packages", "Packages\Packages.csproj", "{9062F617-8CE1-4F6D-A7D6-D57A19D0BFBB}"
EndProject
Project("{FAE04EC0-301F-11D3-BF4B-00C04F79EFBC}") = "Packages.Library", "Packages.Library\Packages.Library.csproj", "{40B1267B-8299-40E3-802D-AD0E23BE8902}"
EndProject
Project("{FAE04EC0-301F-11D3-BF4B-00C04F79EFBC}") = "Packages.Unit.Tests", "Packages.Unit.Tests\Packages.Unit.Tests.csproj", "{F7EE474D-5DB7-48A7-888A-333D9FA6DA37}"
EndProject
Global
	GlobalSection(SolutionConfigurationPlatforms) = preSolution
		Debug|Any CPU = Debug|Any CPU
		Release|Any CPU = Release|Any CPU
	EndGlobalSection
	GlobalSection(ProjectConfigurationPlatforms) = postSolution
		{9062F617-8CE1-4F6D-A7D6-D57A19D0BFBB}.Debug|Any CPU.ActiveCfg = Debug|Any CPU
		{9062F617-8CE1-4F6D-A7D6-D57A19D0BFBB}.Debug|Any CPU.Build.0 = Debug|Any CPU
		{9062F617-8CE1-4F6D-A7D6-D57A19D0BFBB}.Release|Any CPU.ActiveCfg = Release|Any CPU
		{9062F617-8CE1-4F6D-A7D6-D57A19D0BFBB}.Release|Any CPU.Build.0 = Release|Any CPU
		{40B1267B-8299-40E3-802D-AD0E23BE8902}.Debug|Any CPU.ActiveCfg = Debug|Any CPU
		{40B1267B-8299-40E3-802D-AD0E23BE8902}.Debug|Any CPU.Build.0 = Debug|Any CPU
		{40B1267B-8299-40E3-802D-AD0E23BE8902}.Release|Any CPU.ActiveCfg = Release|Any CPU
		{40B1267B-8299-40E3-802D-AD0E23BE8902}.Release|Any CPU.Build.0 = Release|Any CPU
		{F7EE474D-5DB7-48A7-888A-333D9FA6DA37}.Debug|Any CPU.ActiveCfg = Debug|Any CPU
		{F7EE474D-5DB7-48A7-888A-333D9FA6DA37}.Debug|Any CPU.Build.0 = Debug|Any CPU
		{F7EE474D-5DB7-48A7-888A-333D9FA6DA37}.Release|Any CPU.ActiveCfg = Release|Any CPU
		{F7EE474D-5DB7-48A7-888A-333D9FA6DA37}.Release|Any CPU.Build.0 = Release|Any CPU
	EndGlobalSection
	GlobalSection(SolutionProperties) = preSolution
		HideSolutionNode = FALSE
	EndGlobalSection
	GlobalSection(ExtensibilityGlobals) = postSolution
		SolutionGuid = {18BDB0E1-0F28-4E0A-BDC8-70F672B62F96}
	EndGlobalSection
EndGlobal
